
Microsoft Visual Studio Solution File, Format Version 12.00
# Visual Studio Version 16
VisualStudioVersion = 16.0.31019.194
MinimumVisualStudioVersion = 10.0.40219.1
Project("{9A19103F-16F7-4668-BE54-9A1E7A4F7556}") = "UAM.Optics.ColorScience", "UAM.Optics.ColorScience.csproj", "{6BB59846-6FBB-42E0-9A02-9A7B335417D4}"
EndProject
Global
	GlobalSection(SolutionConfigurationPlatforms) = preSolution
		Debug|Any CPU = Debug|Any CPU
		Release|Any CPU = Release|Any CPU
	EndGlobalSection
	GlobalSection(ProjectConfigurationPlatforms) = postSolution
		{6BB59846-6FBB-42E0-9A02-9A7B335417D4}.Debug|Any CPU.ActiveCfg = Debug|Any CPU
		{6BB59846-6FBB-42E0-9A02-9A7B335417D4}.Debug|Any CPU.Build.0 = Debug|Any CPU
		{6BB59846-6FBB-42E0-9A02-9A7B335417D4}.Release|Any CPU.ActiveCfg = Release|Any CPU
		{6BB59846-6FBB-42E0-9A02-9A7B335417D4}.Release|Any CPU.Build.0 = Release|Any CPU
	EndGlobalSection
	GlobalSection(SolutionProperties) = preSolution
		HideSolutionNode = FALSE
	EndGlobalSection
	GlobalSection(ExtensibilityGlobals) = postSolution
		SolutionGuid = {5ACA7AE4-83E8-4D9D-B787-C0AE967BCF61}
	EndGlobalSection
	GlobalSection(TeamFoundationVersionControl) = preSolution
		SccNumberOfProjects = 1
		SccEnterpriseProvider = {4CA58AB2-18FA-4F8D-95D4-32DDF27D184C}
		SccTeamFoundationServer = http://tfs.uam.im:8080/tfs/uam
		SccProjectUniqueName0 = UAM.Optics.ColorScience.csproj
		SccProjectName0 = .
		SccAuxPath0 = http://tfs.uam.im:8080/tfs/uam
		SccLocalPath0 = .
		SccProvider0 = {4CA58AB2-18FA-4F8D-95D4-32DDF27D184C}
	EndGlobalSection
EndGlobal
